
Microsoft Visual Studio Solution File, Format Version 12.00
# Visual Studio 14
VisualStudioVersion = 14.0.23107.0
MinimumVisualStudioVersion = 10.0.40219.1
Project("{FAE04EC0-301F-11D3-BF4B-00C04F79EFBC}") = "BeThe2016", "BeThe2016\BeThe2016.csproj", "{021669A9-E0F1-46B8-A43D-1E552FA429AF}"
EndProject
Project("{FAE04EC0-301F-11D3-BF4B-00C04F79EFBC}") = "BeThe2016.Items", "BeThe2016.Items\BeThe2016.Items.csproj", "{5BCE3704-4C7A-4DDD-ABD8-27BA879DC02B}"
EndProject
Project("{FAE04EC0-301F-11D3-BF4B-00C04F79EFBC}") = "BeThe2016.Util", "BeThe2016.Util\BeThe2016.Util.csproj", "{8D5F85D1-7F45-4C2B-A359-8E0A8F2A3170}"
EndProject
Project("{FAE04EC0-301F-11D3-BF4B-00C04F79EFBC}") = "BeThe2016.Worker", "BeThe2016.Worker\BeThe2016.Worker.csproj", "{88FB2F70-1D9C-4B0B-83C8-73B4D10443CE}"
EndProject
Project("{FAE04EC0-301F-11D3-BF4B-00C04F79EFBC}") = "BeThe2016.Crawler", "BeThe2016.Crawler\BeThe2016.Crawler.csproj", "{3B11E5C4-168D-44E8-8996-F30311E51CFB}"
EndProject
Project("{2150E333-8FDC-42A3-9474-1A3956D46DE8}") = "LIB", "LIB", "{7205BF3C-8A01-43B7-A01D-D04C9B91EEFA}"
	ProjectSection(SolutionItems) = preProject
		LIB\WebDriver.dll = LIB\WebDriver.dll
		LIB\WebDriver.Support.dll = LIB\WebDriver.Support.dll
	EndProjectSection
EndProject
Project("{FAE04EC0-301F-11D3-BF4B-00C04F79EFBC}") = "BeThe2016.DataMaker", "BeThe2016.DataMaker\BeThe2016.DataMaker.csproj", "{D556E44D-21CA-4B49-8DF8-812852328416}"
EndProject
Project("{FAE04EC0-301F-11D3-BF4B-00C04F79EFBC}") = "DataViewer", "DataViewer\DataViewer.csproj", "{FD363E91-D8B4-4372-9E2D-F601E562B2AD}"
EndProject
Project("{FAE04EC0-301F-11D3-BF4B-00C04F79EFBC}") = "DataViewer2", "DataViewer2\DataViewer2.csproj", "{4488F1C6-DBA3-4194-A0CF-D536B876FF22}"
EndProject
Project("{FAE04EC0-301F-11D3-BF4B-00C04F79EFBC}") = "Simulater", "Simulater\Simulater.csproj", "{88921C44-B359-4241-8578-872D61A44672}"
EndProject
Project("{FAE04EC0-301F-11D3-BF4B-00C04F79EFBC}") = "Simulater2", "Simulater2\Simulater2.csproj", "{A93AC250-423B-40E7-A217-98C1695C3278}"
EndProject
Project("{FAE04EC0-301F-11D3-BF4B-00C04F79EFBC}") = "투수분석", "투수분석\투수분석.csproj", "{B5A51C81-FA2C-4543-9F0E-B3D507A82988}"
EndProject
Project("{FAE04EC0-301F-11D3-BF4B-00C04F79EFBC}") = "타자분석", "타자분석\타자분석.csproj", "{29EF5C12-48BF-4D4B-99F4-E8661135DBD3}"
EndProject
Project("{FAE04EC0-301F-11D3-BF4B-00C04F79EFBC}") = "직구구속확인", "직구구속확인\직구구속확인.csproj", "{C829B322-689D-49C7-B14A-18FD483058A6}"
EndProject
Project("{FAE04EC0-301F-11D3-BF4B-00C04F79EFBC}") = "Simulater3", "Simulater3\Simulater3.csproj", "{F6CD8731-483D-4400-A5EB-7A9D5C3117B5}"
EndProject
Project("{FAE04EC0-301F-11D3-BF4B-00C04F79EFBC}") = "Feature분석", "피쳐분석\Feature분석.csproj", "{55A07835-DBDA-4AAD-8F2D-365983114E13}"
EndProject
Project("{FAE04EC0-301F-11D3-BF4B-00C04F79EFBC}") = "Run", "Run\Run.csproj", "{3A14CF52-6C33-4A77-A3DA-CF3F030CB2FB}"
EndProject
Project("{FAE04EC0-301F-11D3-BF4B-00C04F79EFBC}") = "타자별안타현황", "타자별안타형황\타자별안타현황.csproj", "{90D2668E-AEB8-41DD-8BAD-CF42A0B94F45}"
EndProject
Project("{2150E333-8FDC-42A3-9474-1A3956D46DE8}") = "2016", "2016", "{6BFBC187-47FF-4178-B909-C4BB49F272C0}"
EndProject
Project("{FAE04EC0-301F-11D3-BF4B-00C04F79EFBC}") = "관리툴", "관리툴\관리툴.csproj", "{D3584C75-4840-4C7B-8743-A10065CE3D4D}"
EndProject
Global
	GlobalSection(SolutionConfigurationPlatforms) = preSolution
		Debug|Any CPU = Debug|Any CPU
		Release|Any CPU = Release|Any CPU
	EndGlobalSection
	GlobalSection(ProjectConfigurationPlatforms) = postSolution
		{021669A9-E0F1-46B8-A43D-1E552FA429AF}.Debug|Any CPU.ActiveCfg = Debug|Any CPU
		{021669A9-E0F1-46B8-A43D-1E552FA429AF}.Debug|Any CPU.Build.0 = Debug|Any CPU
		{021669A9-E0F1-46B8-A43D-1E552FA429AF}.Release|Any CPU.ActiveCfg = Release|Any CPU
		{021669A9-E0F1-46B8-A43D-1E552FA429AF}.Release|Any CPU.Build.0 = Release|Any CPU
		{5BCE3704-4C7A-4DDD-ABD8-27BA879DC02B}.Debug|Any CPU.ActiveCfg = Debug|Any CPU
		{5BCE3704-4C7A-4DDD-ABD8-27BA879DC02B}.Debug|Any CPU.Build.0 = Debug|Any CPU
		{5BCE3704-4C7A-4DDD-ABD8-27BA879DC02B}.Release|Any CPU.ActiveCfg = Release|Any CPU
		{5BCE3704-4C7A-4DDD-ABD8-27BA879DC02B}.Release|Any CPU.Build.0 = Release|Any CPU
		{8D5F85D1-7F45-4C2B-A359-8E0A8F2A3170}.Debug|Any CPU.ActiveCfg = Debug|Any CPU
		{8D5F85D1-7F45-4C2B-A359-8E0A8F2A3170}.Debug|Any CPU.Build.0 = Debug|Any CPU
		{8D5F85D1-7F45-4C2B-A359-8E0A8F2A3170}.Release|Any CPU.ActiveCfg = Release|Any CPU
		{8D5F85D1-7F45-4C2B-A359-8E0A8F2A3170}.Release|Any CPU.Build.0 = Release|Any CPU
		{88FB2F70-1D9C-4B0B-83C8-73B4D10443CE}.Debug|Any CPU.ActiveCfg = Debug|Any CPU
		{88FB2F70-1D9C-4B0B-83C8-73B4D10443CE}.Debug|Any CPU.Build.0 = Debug|Any CPU
		{88FB2F70-1D9C-4B0B-83C8-73B4D10443CE}.Release|Any CPU.ActiveCfg = Release|Any CPU
		{88FB2F70-1D9C-4B0B-83C8-73B4D10443CE}.Release|Any CPU.Build.0 = Release|Any CPU
		{3B11E5C4-168D-44E8-8996-F30311E51CFB}.Debug|Any CPU.ActiveCfg = Debug|Any CPU
		{3B11E5C4-168D-44E8-8996-F30311E51CFB}.Debug|Any CPU.Build.0 = Debug|Any CPU
		{3B11E5C4-168D-44E8-8996-F30311E51CFB}.Release|Any CPU.ActiveCfg = Release|Any CPU
		{3B11E5C4-168D-44E8-8996-F30311E51CFB}.Release|Any CPU.Build.0 = Release|Any CPU
		{D556E44D-21CA-4B49-8DF8-812852328416}.Debug|Any CPU.ActiveCfg = Debug|Any CPU
		{D556E44D-21CA-4B49-8DF8-812852328416}.Debug|Any CPU.Build.0 = Debug|Any CPU
		{D556E44D-21CA-4B49-8DF8-812852328416}.Release|Any CPU.ActiveCfg = Release|Any CPU
		{D556E44D-21CA-4B49-8DF8-812852328416}.Release|Any CPU.Build.0 = Release|Any CPU
		{FD363E91-D8B4-4372-9E2D-F601E562B2AD}.Debug|Any CPU.ActiveCfg = Debug|Any CPU
		{FD363E91-D8B4-4372-9E2D-F601E562B2AD}.Debug|Any CPU.Build.0 = Debug|Any CPU
		{FD363E91-D8B4-4372-9E2D-F601E562B2AD}.Release|Any CPU.ActiveCfg = Release|Any CPU
		{FD363E91-D8B4-4372-9E2D-F601E562B2AD}.Release|Any CPU.Build.0 = Release|Any CPU
		{4488F1C6-DBA3-4194-A0CF-D536B876FF22}.Debug|Any CPU.ActiveCfg = Debug|Any CPU
		{4488F1C6-DBA3-4194-A0CF-D536B876FF22}.Debug|Any CPU.Build.0 = Debug|Any CPU
		{4488F1C6-DBA3-4194-A0CF-D536B876FF22}.Release|Any CPU.ActiveCfg = Release|Any CPU
		{4488F1C6-DBA3-4194-A0CF-D536B876FF22}.Release|Any CPU.Build.0 = Release|Any CPU
		{88921C44-B359-4241-8578-872D61A44672}.Debug|Any CPU.ActiveCfg = Debug|Any CPU
		{88921C44-B359-4241-8578-872D61A44672}.Debug|Any CPU.Build.0 = Debug|Any CPU
		{88921C44-B359-4241-8578-872D61A44672}.Release|Any CPU.ActiveCfg = Release|Any CPU
		{88921C44-B359-4241-8578-872D61A44672}.Release|Any CPU.Build.0 = Release|Any CPU
		{A93AC250-423B-40E7-A217-98C1695C3278}.Debug|Any CPU.ActiveCfg = Debug|Any CPU
		{A93AC250-423B-40E7-A217-98C1695C3278}.Debug|Any CPU.Build.0 = Debug|Any CPU
		{A93AC250-423B-40E7-A217-98C1695C3278}.Release|Any CPU.ActiveCfg = Release|Any CPU
		{A93AC250-423B-40E7-A217-98C1695C3278}.Release|Any CPU.Build.0 = Release|Any CPU
		{B5A51C81-FA2C-4543-9F0E-B3D507A82988}.Debug|Any CPU.ActiveCfg = Debug|Any CPU
		{B5A51C81-FA2C-4543-9F0E-B3D507A82988}.Debug|Any CPU.Build.0 = Debug|Any CPU
		{B5A51C81-FA2C-4543-9F0E-B3D507A82988}.Release|Any CPU.ActiveCfg = Release|Any CPU
		{B5A51C81-FA2C-4543-9F0E-B3D507A82988}.Release|Any CPU.Build.0 = Release|Any CPU
		{29EF5C12-48BF-4D4B-99F4-E8661135DBD3}.Debug|Any CPU.ActiveCfg = Debug|Any CPU
		{29EF5C12-48BF-4D4B-99F4-E8661135DBD3}.Debug|Any CPU.Build.0 = Debug|Any CPU
		{29EF5C12-48BF-4D4B-99F4-E8661135DBD3}.Release|Any CPU.ActiveCfg = Release|Any CPU
		{29EF5C12-48BF-4D4B-99F4-E8661135DBD3}.Release|Any CPU.Build.0 = Release|Any CPU
		{C829B322-689D-49C7-B14A-18FD483058A6}.Debug|Any CPU.ActiveCfg = Debug|Any CPU
		{C829B322-689D-49C7-B14A-18FD483058A6}.Debug|Any CPU.Build.0 = Debug|Any CPU
		{C829B322-689D-49C7-B14A-18FD483058A6}.Release|Any CPU.ActiveCfg = Release|Any CPU
		{C829B322-689D-49C7-B14A-18FD483058A6}.Release|Any CPU.Build.0 = Release|Any CPU
		{F6CD8731-483D-4400-A5EB-7A9D5C3117B5}.Debug|Any CPU.ActiveCfg = Debug|Any CPU
		{F6CD8731-483D-4400-A5EB-7A9D5C3117B5}.Debug|Any CPU.Build.0 = Debug|Any CPU
		{F6CD8731-483D-4400-A5EB-7A9D5C3117B5}.Release|Any CPU.ActiveCfg = Release|Any CPU
		{F6CD8731-483D-4400-A5EB-7A9D5C3117B5}.Release|Any CPU.Build.0 = Release|Any CPU
		{55A07835-DBDA-4AAD-8F2D-365983114E13}.Debug|Any CPU.ActiveCfg = Debug|Any CPU
		{55A07835-DBDA-4AAD-8F2D-365983114E13}.Debug|Any CPU.Build.0 = Debug|Any CPU
		{55A07835-DBDA-4AAD-8F2D-365983114E13}.Release|Any CPU.ActiveCfg = Release|Any CPU
		{55A07835-DBDA-4AAD-8F2D-365983114E13}.Release|Any CPU.Build.0 = Release|Any CPU
		{3A14CF52-6C33-4A77-A3DA-CF3F030CB2FB}.Debug|Any CPU.ActiveCfg = Debug|Any CPU
		{3A14CF52-6C33-4A77-A3DA-CF3F030CB2FB}.Debug|Any CPU.Build.0 = Debug|Any CPU
		{3A14CF52-6C33-4A77-A3DA-CF3F030CB2FB}.Release|Any CPU.ActiveCfg = Release|Any CPU
		{3A14CF52-6C33-4A77-A3DA-CF3F030CB2FB}.Release|Any CPU.Build.0 = Release|Any CPU
		{90D2668E-AEB8-41DD-8BAD-CF42A0B94F45}.Debug|Any CPU.ActiveCfg = Debug|Any CPU
		{90D2668E-AEB8-41DD-8BAD-CF42A0B94F45}.Debug|Any CPU.Build.0 = Debug|Any CPU
		{90D2668E-AEB8-41DD-8BAD-CF42A0B94F45}.Release|Any CPU.ActiveCfg = Release|Any CPU
		{90D2668E-AEB8-41DD-8BAD-CF42A0B94F45}.Release|Any CPU.Build.0 = Release|Any CPU
		{D3584C75-4840-4C7B-8743-A10065CE3D4D}.Debug|Any CPU.ActiveCfg = Debug|Any CPU
		{D3584C75-4840-4C7B-8743-A10065CE3D4D}.Debug|Any CPU.Build.0 = Debug|Any CPU
		{D3584C75-4840-4C7B-8743-A10065CE3D4D}.Release|Any CPU.ActiveCfg = Release|Any CPU
		{D3584C75-4840-4C7B-8743-A10065CE3D4D}.Release|Any CPU.Build.0 = Release|Any CPU
	EndGlobalSection
	GlobalSection(SolutionProperties) = preSolution
		HideSolutionNode = FALSE
	EndGlobalSection
	GlobalSection(NestedProjects) = preSolution
		{D3584C75-4840-4C7B-8743-A10065CE3D4D} = {6BFBC187-47FF-4178-B909-C4BB49F272C0}
	EndGlobalSection
EndGlobal
