
Microsoft Visual Studio Solution File, Format Version 12.00
# Visual Studio 14
VisualStudioVersion = 14.0.23107.0
MinimumVisualStudioVersion = 10.0.40219.1
Project("{FAE04EC0-301F-11D3-BF4B-00C04F79EFBC}") = "BeThe2016", "BeThe2016\BeThe2016.csproj", "{021669A9-E0F1-46B8-A43D-1E552FA429AF}"
EndProject
Project("{FAE04EC0-301F-11D3-BF4B-00C04F79EFBC}") = "BeThe2016.Items", "BeThe2016.Items\BeThe2016.Items.csproj", "{5BCE3704-4C7A-4DDD-ABD8-27BA879DC02B}"
EndProject
Project("{FAE04EC0-301F-11D3-BF4B-00C04F79EFBC}") = "BeThe2016.Util", "BeThe2016.Util\BeThe2016.Util.csproj", "{8D5F85D1-7F45-4C2B-A359-8E0A8F2A3170}"
EndProject
Project("{FAE04EC0-301F-11D3-BF4B-00C04F79EFBC}") = "BeThe2016.Worker", "BeThe2016.Worker\BeThe2016.Worker.csproj", "{88FB2F70-1D9C-4B0B-83C8-73B4D10443CE}"
EndProject
Project("{FAE04EC0-301F-11D3-BF4B-00C04F79EFBC}") = "BeThe2016.Crawler", "BeThe2016.Crawler\BeThe2016.Crawler.csproj", "{3B11E5C4-168D-44E8-8996-F30311E51CFB}"
EndProject
Project("{2150E333-8FDC-42A3-9474-1A3956D46DE8}") = "LIB", "LIB", "{7205BF3C-8A01-43B7-A01D-D04C9B91EEFA}"
	ProjectSection(SolutionItems) = preProject
		LIB\WebDriver.dll = LIB\WebDriver.dll
		LIB\WebDriver.Support.dll = LIB\WebDriver.Support.dll
	EndProjectSection
EndProject
Project("{FAE04EC0-301F-11D3-BF4B-00C04F79EFBC}") = "BeThe2016.DataMaker", "BeThe2016.DataMaker\BeThe2016.DataMaker.csproj", "{D556E44D-21CA-4B49-8DF8-812852328416}"
EndProject
Project("{FAE04EC0-301F-11D3-BF4B-00C04F79EFBC}") = "DataViewer", "DataViewer\DataViewer.csproj", "{FD363E91-D8B4-4372-9E2D-F601E562B2AD}"
EndProject
Project("{FAE04EC0-301F-11D3-BF4B-00C04F79EFBC}") = "DataViewer2", "DataViewer2\DataViewer2.csproj", "{4488F1C6-DBA3-4194-A0CF-D536B876FF22}"
EndProject
Project("{FAE04EC0-301F-11D3-BF4B-00C04F79EFBC}") = "Simulater", "Simulater\Simulater.csproj", "{88921C44-B359-4241-8578-872D61A44672}"
EndProject
Global
	GlobalSection(SolutionConfigurationPlatforms) = preSolution
		Debug|Any CPU = Debug|Any CPU
		Release|Any CPU = Release|Any CPU
	EndGlobalSection
	GlobalSection(ProjectConfigurationPlatforms) = postSolution
		{021669A9-E0F1-46B8-A43D-1E552FA429AF}.Debug|Any CPU.ActiveCfg = Debug|Any CPU
		{021669A9-E0F1-46B8-A43D-1E552FA429AF}.Debug|Any CPU.Build.0 = Debug|Any CPU
		{021669A9-E0F1-46B8-A43D-1E552FA429AF}.Release|Any CPU.ActiveCfg = Release|Any CPU
		{021669A9-E0F1-46B8-A43D-1E552FA429AF}.Release|Any CPU.Build.0 = Release|Any CPU
		{5BCE3704-4C7A-4DDD-ABD8-27BA879DC02B}.Debug|Any CPU.ActiveCfg = Debug|Any CPU
		{5BCE3704-4C7A-4DDD-ABD8-27BA879DC02B}.Debug|Any CPU.Build.0 = Debug|Any CPU
		{5BCE3704-4C7A-4DDD-ABD8-27BA879DC02B}.Release|Any CPU.ActiveCfg = Release|Any CPU
		{5BCE3704-4C7A-4DDD-ABD8-27BA879DC02B}.Release|Any CPU.Build.0 = Release|Any CPU
		{8D5F85D1-7F45-4C2B-A359-8E0A8F2A3170}.Debug|Any CPU.ActiveCfg = Debug|Any CPU
		{8D5F85D1-7F45-4C2B-A359-8E0A8F2A3170}.Debug|Any CPU.Build.0 = Debug|Any CPU
		{8D5F85D1-7F45-4C2B-A359-8E0A8F2A3170}.Release|Any CPU.ActiveCfg = Release|Any CPU
		{8D5F85D1-7F45-4C2B-A359-8E0A8F2A3170}.Release|Any CPU.Build.0 = Release|Any CPU
		{88FB2F70-1D9C-4B0B-83C8-73B4D10443CE}.Debug|Any CPU.ActiveCfg = Debug|Any CPU
		{88FB2F70-1D9C-4B0B-83C8-73B4D10443CE}.Debug|Any CPU.Build.0 = Debug|Any CPU
		{88FB2F70-1D9C-4B0B-83C8-73B4D10443CE}.Release|Any CPU.ActiveCfg = Release|Any CPU
		{88FB2F70-1D9C-4B0B-83C8-73B4D10443CE}.Release|Any CPU.Build.0 = Release|Any CPU
		{3B11E5C4-168D-44E8-8996-F30311E51CFB}.Debug|Any CPU.ActiveCfg = Debug|Any CPU
		{3B11E5C4-168D-44E8-8996-F30311E51CFB}.Debug|Any CPU.Build.0 = Debug|Any CPU
		{3B11E5C4-168D-44E8-8996-F30311E51CFB}.Release|Any CPU.ActiveCfg = Release|Any CPU
		{3B11E5C4-168D-44E8-8996-F30311E51CFB}.Release|Any CPU.Build.0 = Release|Any CPU
		{D556E44D-21CA-4B49-8DF8-812852328416}.Debug|Any CPU.ActiveCfg = Debug|Any CPU
		{D556E44D-21CA-4B49-8DF8-812852328416}.Debug|Any CPU.Build.0 = Debug|Any CPU
		{D556E44D-21CA-4B49-8DF8-812852328416}.Release|Any CPU.ActiveCfg = Release|Any CPU
		{D556E44D-21CA-4B49-8DF8-812852328416}.Release|Any CPU.Build.0 = Release|Any CPU
		{FD363E91-D8B4-4372-9E2D-F601E562B2AD}.Debug|Any CPU.ActiveCfg = Debug|Any CPU
		{FD363E91-D8B4-4372-9E2D-F601E562B2AD}.Debug|Any CPU.Build.0 = Debug|Any CPU
		{FD363E91-D8B4-4372-9E2D-F601E562B2AD}.Release|Any CPU.ActiveCfg = Release|Any CPU
		{FD363E91-D8B4-4372-9E2D-F601E562B2AD}.Release|Any CPU.Build.0 = Release|Any CPU
		{4488F1C6-DBA3-4194-A0CF-D536B876FF22}.Debug|Any CPU.ActiveCfg = Debug|Any CPU
		{4488F1C6-DBA3-4194-A0CF-D536B876FF22}.Debug|Any CPU.Build.0 = Debug|Any CPU
		{4488F1C6-DBA3-4194-A0CF-D536B876FF22}.Release|Any CPU.ActiveCfg = Release|Any CPU
		{4488F1C6-DBA3-4194-A0CF-D536B876FF22}.Release|Any CPU.Build.0 = Release|Any CPU
		{88921C44-B359-4241-8578-872D61A44672}.Debug|Any CPU.ActiveCfg = Debug|Any CPU
		{88921C44-B359-4241-8578-872D61A44672}.Debug|Any CPU.Build.0 = Debug|Any CPU
		{88921C44-B359-4241-8578-872D61A44672}.Release|Any CPU.ActiveCfg = Release|Any CPU
		{88921C44-B359-4241-8578-872D61A44672}.Release|Any CPU.Build.0 = Release|Any CPU
	EndGlobalSection
	GlobalSection(SolutionProperties) = preSolution
		HideSolutionNode = FALSE
	EndGlobalSection
EndGlobal
